
Microsoft Visual Studio Solution File, Format Version 12.00
# Visual Studio 14
VisualStudioVersion = 14.0.25420.1
MinimumVisualStudioVersion = 10.0.40219.1
Project("{FAE04EC0-301F-11D3-BF4B-00C04F79EFBC}") = "STS.Ikar.Models", "STS.Ikar.Models\STS.Ikar.Models.csproj", "{8E39351C-693A-4169-AEA3-635CF196B035}"
EndProject
Project("{FAE04EC0-301F-11D3-BF4B-00C04F79EFBC}") = "STS.Ikar.Interfaces", "STS.Ikar.Interfaces\STS.Ikar.Interfaces.csproj", "{5D7774CE-7D57-464C-B54D-46D43A2A7AC5}"
EndProject
Global
	GlobalSection(SolutionConfigurationPlatforms) = preSolution
		Debug|Any CPU = Debug|Any CPU
		Release|Any CPU = Release|Any CPU
	EndGlobalSection
	GlobalSection(ProjectConfigurationPlatforms) = postSolution
		{8E39351C-693A-4169-AEA3-635CF196B035}.Debug|Any CPU.ActiveCfg = Debug|Any CPU
		{8E39351C-693A-4169-AEA3-635CF196B035}.Debug|Any CPU.Build.0 = Debug|Any CPU
		{8E39351C-693A-4169-AEA3-635CF196B035}.Release|Any CPU.ActiveCfg = Release|Any CPU
		{8E39351C-693A-4169-AEA3-635CF196B035}.Release|Any CPU.Build.0 = Release|Any CPU
		{5D7774CE-7D57-464C-B54D-46D43A2A7AC5}.Debug|Any CPU.ActiveCfg = Debug|Any CPU
		{5D7774CE-7D57-464C-B54D-46D43A2A7AC5}.Debug|Any CPU.Build.0 = Debug|Any CPU
		{5D7774CE-7D57-464C-B54D-46D43A2A7AC5}.Release|Any CPU.ActiveCfg = Release|Any CPU
		{5D7774CE-7D57-464C-B54D-46D43A2A7AC5}.Release|Any CPU.Build.0 = Release|Any CPU
	EndGlobalSection
	GlobalSection(SolutionProperties) = preSolution
		HideSolutionNode = FALSE
	EndGlobalSection
EndGlobal
